Microsoft Visual Studio Solution File, Format Version 12.00
# Visual Studio Version 17
VisualStudioVersion = 17.0.31903.59
MinimumVisualStudioVersion = 10.0.40219.1
Project("{FAE04EC0-301F-11D3-BF4B-00C04F79EFBC}") = "Lab01", "Lab01\Lab01.csproj", "{6589CC6A-4BB0-4094-BEE1-A6E026D0D09A}"
EndProject
Project("{FAE04EC0-301F-11D3-BF4B-00C04F79EFBC}") = "Lab02", "Lab02\Lab02.csproj", "{F2631976-3380-41B1-A5C3-DC1584D6D03E}"
EndProject
Project("{FAE04EC0-301F-11D3-BF4B-00C04F79EFBC}") = "Lab03", "Lab03\Lab03.csproj", "{4929E535-8588-4C9C-854B-40822E2ECBEE}"
EndProject
Project("{FAE04EC0-301F-11D3-BF4B-00C04F79EFBC}") = "Lab04", "Lab04\Lab04.csproj", "{3E262F3D-D104-4F2A-93C7-F9A4F9BB3BD9}"
EndProject
Project("{FAE04EC0-301F-11D3-BF4B-00C04F79EFBC}") = "Lab05", "Lab05\Lab05.csproj", "{88DC52E8-34AD-483E-B6E4-E11A069DD24F}"
EndProject
Project("{FAE04EC0-301F-11D3-BF4B-00C04F79EFBC}") = "Lab06", "Lab06\Lab06.csproj", "{17B85855-7C7A-489F-9B70-3DA0C8E31456}"
EndProject
Project("{FAE04EC0-301F-11D3-BF4B-00C04F79EFBC}") = "Lab07", "Lab07\Lab07.csproj", "{512FDCFA-9192-4EB3-8E38-EA50E841699F}"
EndProject
Project("{FAE04EC0-301F-11D3-BF4B-00C04F79EFBC}") = "Lab08", "Lab08\Lab08.csproj", "{37B3EBB5-2333-45CC-B88B-B2C2C8E3F85F}"
EndProject
Project("{FAE04EC0-301F-11D3-BF4B-00C04F79EFBC}") = "Lab09", "Lab09\Lab09.csproj", "{5E97F23A-53AC-4656-BEDA-08A569DF3E62}"
EndProject
Project("{FAE04EC0-301F-11D3-BF4B-00C04F79EFBC}") = "Lab10", "Lab10\Lab10.csproj", "{D95C06A1-DA3E-4B14-8D6A-2212CDBB2BED}"
EndProject
Global
	GlobalSection(SolutionConfigurationPlatforms) = preSolution
		Debug|Any CPU = Debug|Any CPU
		Release|Any CPU = Release|Any CPU
	EndGlobalSection
	GlobalSection(SolutionProperties) = preSolution
		HideSolutionNode = FALSE
	EndGlobalSection
	GlobalSection(ProjectConfigurationPlatforms) = postSolution
		{6589CC6A-4BB0-4094-BEE1-A6E026D0D09A}.Debug|Any CPU.ActiveCfg = Debug|Any CPU
		{6589CC6A-4BB0-4094-BEE1-A6E026D0D09A}.Debug|Any CPU.Build.0 = Debug|Any CPU
		{6589CC6A-4BB0-4094-BEE1-A6E026D0D09A}.Release|Any CPU.ActiveCfg = Release|Any CPU
		{6589CC6A-4BB0-4094-BEE1-A6E026D0D09A}.Release|Any CPU.Build.0 = Release|Any CPU
		{F2631976-3380-41B1-A5C3-DC1584D6D03E}.Debug|Any CPU.ActiveCfg = Debug|Any CPU
		{F2631976-3380-41B1-A5C3-DC1584D6D03E}.Debug|Any CPU.Build.0 = Debug|Any CPU
		{F2631976-3380-41B1-A5C3-DC1584D6D03E}.Release|Any CPU.ActiveCfg = Release|Any CPU
		{F2631976-3380-41B1-A5C3-DC1584D6D03E}.Release|Any CPU.Build.0 = Release|Any CPU
		{4929E535-8588-4C9C-854B-40822E2ECBEE}.Debug|Any CPU.ActiveCfg = Debug|Any CPU
		{4929E535-8588-4C9C-854B-40822E2ECBEE}.Debug|Any CPU.Build.0 = Debug|Any CPU
		{4929E535-8588-4C9C-854B-40822E2ECBEE}.Release|Any CPU.ActiveCfg = Release|Any CPU
		{4929E535-8588-4C9C-854B-40822E2ECBEE}.Release|Any CPU.Build.0 = Release|Any CPU
		{3E262F3D-D104-4F2A-93C7-F9A4F9BB3BD9}.Debug|Any CPU.ActiveCfg = Debug|Any CPU
		{3E262F3D-D104-4F2A-93C7-F9A4F9BB3BD9}.Debug|Any CPU.Build.0 = Debug|Any CPU
		{3E262F3D-D104-4F2A-93C7-F9A4F9BB3BD9}.Release|Any CPU.ActiveCfg = Release|Any CPU
		{3E262F3D-D104-4F2A-93C7-F9A4F9BB3BD9}.Release|Any CPU.Build.0 = Release|Any CPU
		{88DC52E8-34AD-483E-B6E4-E11A069DD24F}.Debug|Any CPU.ActiveCfg = Debug|Any CPU
		{88DC52E8-34AD-483E-B6E4-E11A069DD24F}.Debug|Any CPU.Build.0 = Debug|Any CPU
		{88DC52E8-34AD-483E-B6E4-E11A069DD24F}.Release|Any CPU.ActiveCfg = Release|Any CPU
		{88DC52E8-34AD-483E-B6E4-E11A069DD24F}.Release|Any CPU.Build.0 = Release|Any CPU
		{17B85855-7C7A-489F-9B70-3DA0C8E31456}.Debug|Any CPU.ActiveCfg = Debug|Any CPU
		{17B85855-7C7A-489F-9B70-3DA0C8E31456}.Debug|Any CPU.Build.0 = Debug|Any CPU
		{17B85855-7C7A-489F-9B70-3DA0C8E31456}.Release|Any CPU.ActiveCfg = Release|Any CPU
		{17B85855-7C7A-489F-9B70-3DA0C8E31456}.Release|Any CPU.Build.0 = Release|Any CPU
		{512FDCFA-9192-4EB3-8E38-EA50E841699F}.Debug|Any CPU.ActiveCfg = Debug|Any CPU
		{512FDCFA-9192-4EB3-8E38-EA50E841699F}.Debug|Any CPU.Build.0 = Debug|Any CPU
		{512FDCFA-9192-4EB3-8E38-EA50E841699F}.Release|Any CPU.ActiveCfg = Release|Any CPU
		{512FDCFA-9192-4EB3-8E38-EA50E841699F}.Release|Any CPU.Build.0 = Release|Any CPU
		{37B3EBB5-2333-45CC-B88B-B2C2C8E3F85F}.Debug|Any CPU.ActiveCfg = Debug|Any CPU
		{37B3EBB5-2333-45CC-B88B-B2C2C8E3F85F}.Debug|Any CPU.Build.0 = Debug|Any CPU
		{37B3EBB5-2333-45CC-B88B-B2C2C8E3F85F}.Release|Any CPU.ActiveCfg = Release|Any CPU
		{37B3EBB5-2333-45CC-B88B-B2C2C8E3F85F}.Release|Any CPU.Build.0 = Release|Any CPU
		{5E97F23A-53AC-4656-BEDA-08A569DF3E62}.Debug|Any CPU.ActiveCfg = Debug|Any CPU
		{5E97F23A-53AC-4656-BEDA-08A569DF3E62}.Debug|Any CPU.Build.0 = Debug|Any CPU
		{5E97F23A-53AC-4656-BEDA-08A569DF3E62}.Release|Any CPU.ActiveCfg = Release|Any CPU
		{5E97F23A-53AC-4656-BEDA-08A569DF3E62}.Release|Any CPU.Build.0 = Release|Any CPU
		{D95C06A1-DA3E-4B14-8D6A-2212CDBB2BED}.Debug|Any CPU.ActiveCfg = Debug|Any CPU
		{D95C06A1-DA3E-4B14-8D6A-2212CDBB2BED}.Debug|Any CPU.Build.0 = Debug|Any CPU
		{D95C06A1-DA3E-4B14-8D6A-2212CDBB2BED}.Release|Any CPU.ActiveCfg = Release|Any CPU
		{D95C06A1-DA3E-4B14-8D6A-2212CDBB2BED}.Release|Any CPU.Build.0 = Release|Any CPU
	EndGlobalSection
EndGlobal
